
Microsoft Visual Studio Solution File, Format Version 12.00
# Visual Studio 2013
VisualStudioVersion = 12.0.21005.1
MinimumVisualStudioVersion = 10.0.40219.1
Project("{8BC9CEB8-8B4A-11D0-8D11-00A0C91BC942}") = "Test_Everything", "Test_Everything\Test_Everything.vcxproj", "{C3DBEE26-714D-4E2C-AFFC-AE350756F9FB}"
EndProject
Global
	GlobalSection(SolutionConfigurationPlatforms) = preSolution
		Debug|Win32 = Debug|Win32
		Release|Win32 = Release|Win32
	EndGlobalSection
	GlobalSection(ProjectConfigurationPlatforms) = postSolution
		{C3DBEE26-714D-4E2C-AFFC-AE350756F9FB}.Debug|Win32.ActiveCfg = Debug|Win32
		{C3DBEE26-714D-4E2C-AFFC-AE350756F9FB}.Debug|Win32.Build.0 = Debug|Win32
		{C3DBEE26-714D-4E2C-AFFC-AE350756F9FB}.Release|Win32.ActiveCfg = Release|Win32
		{C3DBEE26-714D-4E2C-AFFC-AE350756F9FB}.Release|Win32.Build.0 = Release|Win32
	EndGlobalSection
	GlobalSection(SolutionProperties) = preSolution
		HideSolutionNode = FALSE
	EndGlobalSection
EndGlobal
