
Microsoft Visual Studio Solution File, Format Version 12.00
# Visual Studio 2013
VisualStudioVersion = 12.0.21005.1
MinimumVisualStudioVersion = 10.0.40219.1
Project("{8BC9CEB8-8B4A-11D0-8D11-00A0C91BC942}") = "Test11_24", "Test11_24\Test11_24.vcxproj", "{25C00D05-44A4-4D97-B924-58A10693FC19}"
EndProject
Global
	GlobalSection(SolutionConfigurationPlatforms) = preSolution
		Debug|Win32 = Debug|Win32
		Release|Win32 = Release|Win32
	EndGlobalSection
	GlobalSection(ProjectConfigurationPlatforms) = postSolution
		{25C00D05-44A4-4D97-B924-58A10693FC19}.Debug|Win32.ActiveCfg = Debug|Win32
		{25C00D05-44A4-4D97-B924-58A10693FC19}.Debug|Win32.Build.0 = Debug|Win32
		{25C00D05-44A4-4D97-B924-58A10693FC19}.Release|Win32.ActiveCfg = Release|Win32
		{25C00D05-44A4-4D97-B924-58A10693FC19}.Release|Win32.Build.0 = Release|Win32
	EndGlobalSection
	GlobalSection(SolutionProperties) = preSolution
		HideSolutionNode = FALSE
	EndGlobalSection
EndGlobal
